
Microsoft Visual Studio Solution File, Format Version 12.00
# Visual Studio Version 17
VisualStudioVersion = 17.3.32929.385
MinimumVisualStudioVersion = 10.0.40219.1
Project("{9A19103F-16F7-4668-BE54-9A1E7A4F7556}") = "ScooterRental.Tests", "ScooterRental.Tests\ScooterRental.Tests.csproj", "{B24CC536-8637-4BE3-875D-344E68906034}"
EndProject
Project("{9A19103F-16F7-4668-BE54-9A1E7A4F7556}") = "ScooterRental", "ScooterRental\ScooterRental.csproj", "{AA9873EB-E7B8-4BA8-822B-FB25818202DE}"
EndProject
Global
	GlobalSection(SolutionConfigurationPlatforms) = preSolution
		Debug|Any CPU = Debug|Any CPU
		Release|Any CPU = Release|Any CPU
	EndGlobalSection
	GlobalSection(ProjectConfigurationPlatforms) = postSolution
		{B24CC536-8637-4BE3-875D-344E68906034}.Debug|Any CPU.ActiveCfg = Debug|Any CPU
		{B24CC536-8637-4BE3-875D-344E68906034}.Debug|Any CPU.Build.0 = Debug|Any CPU
		{B24CC536-8637-4BE3-875D-344E68906034}.Release|Any CPU.ActiveCfg = Release|Any CPU
		{B24CC536-8637-4BE3-875D-344E68906034}.Release|Any CPU.Build.0 = Release|Any CPU
		{AA9873EB-E7B8-4BA8-822B-FB25818202DE}.Debug|Any CPU.ActiveCfg = Debug|Any CPU
		{AA9873EB-E7B8-4BA8-822B-FB25818202DE}.Debug|Any CPU.Build.0 = Debug|Any CPU
		{AA9873EB-E7B8-4BA8-822B-FB25818202DE}.Release|Any CPU.ActiveCfg = Release|Any CPU
		{AA9873EB-E7B8-4BA8-822B-FB25818202DE}.Release|Any CPU.Build.0 = Release|Any CPU
	EndGlobalSection
	GlobalSection(SolutionProperties) = preSolution
		HideSolutionNode = FALSE
	EndGlobalSection
	GlobalSection(ExtensibilityGlobals) = postSolution
		SolutionGuid = {8F37F78A-B9D7-4EF3-AD9F-757ABC37613E}
	EndGlobalSection
EndGlobal
